
Microsoft Visual Studio Solution File, Format Version 12.00
# Visual Studio Version 17
VisualStudioVersion = 17.0.31903.59
MinimumVisualStudioVersion = 10.0.40219.1
Project("{2150E333-8FDC-42A3-9474-1A3956D46DE8}") = "src", "src", "{2DC8F0FC-7B6B-4346-9844-FCCC1ABB2606}"
EndProject
Project("{FAE04EC0-301F-11D3-BF4B-00C04F79EFBC}") = "Weather.ConsoleApp", "src\Weather.ConsoleApp\Weather.ConsoleApp.csproj", "{62BBC9DA-81B0-4D2D-9CAC-C0603C42CD9C}"
EndProject
Project("{FAE04EC0-301F-11D3-BF4B-00C04F79EFBC}") = "Weather.Api", "src\Weather.Api\Weather.Api.csproj", "{A0861851-3ED3-4948-BA7F-B397DB96320A}"
EndProject
Project("{FAE04EC0-301F-11D3-BF4B-00C04F79EFBC}") = "Weather.WebApi", "src\Weather.WebApi\Weather.WebApi.csproj", "{1AEF88B3-BDBD-48C9-8152-DB5F5C358AFF}"
EndProject
Project("{FAE04EC0-301F-11D3-BF4B-00C04F79EFBC}") = "Weather.WebApp", "src\Weather.WebApp\Weather.WebApp.csproj", "{C6DC2E0E-AE1C-4F30-A656-1450A558881B}"
EndProject
Project("{FAE04EC0-301F-11D3-BF4B-00C04F79EFBC}") = "CustomScope.ConsoleApp", "src\CustomScope.ConsoleApp\CustomScope.ConsoleApp.csproj", "{38E19E82-4D36-4B4E-8B60-90526AE18BA3}"
EndProject
Project("{FAE04EC0-301F-11D3-BF4B-00C04F79EFBC}") = "MultiFunction.ConsoleApp", "src\MultiFunction.ConsoleApp\MultiFunction.ConsoleApp.csproj", "{9BC23CB7-F154-4509-98DA-FA9D8149BE84}"
EndProject
Project("{FAE04EC0-301F-11D3-BF4B-00C04F79EFBC}") = "Decorator.Api", "src\Decorator.Api\Decorator.Api.csproj", "{42FFDAFC-2FA3-46BA-B0DB-699413AE8486}"
EndProject
Global
	GlobalSection(SolutionConfigurationPlatforms) = preSolution
		Debug|Any CPU = Debug|Any CPU
		Release|Any CPU = Release|Any CPU
	EndGlobalSection
	GlobalSection(ProjectConfigurationPlatforms) = postSolution
		{62BBC9DA-81B0-4D2D-9CAC-C0603C42CD9C}.Debug|Any CPU.ActiveCfg = Debug|Any CPU
		{62BBC9DA-81B0-4D2D-9CAC-C0603C42CD9C}.Debug|Any CPU.Build.0 = Debug|Any CPU
		{62BBC9DA-81B0-4D2D-9CAC-C0603C42CD9C}.Release|Any CPU.ActiveCfg = Release|Any CPU
		{62BBC9DA-81B0-4D2D-9CAC-C0603C42CD9C}.Release|Any CPU.Build.0 = Release|Any CPU
		{A0861851-3ED3-4948-BA7F-B397DB96320A}.Debug|Any CPU.ActiveCfg = Debug|Any CPU
		{A0861851-3ED3-4948-BA7F-B397DB96320A}.Debug|Any CPU.Build.0 = Debug|Any CPU
		{A0861851-3ED3-4948-BA7F-B397DB96320A}.Release|Any CPU.ActiveCfg = Release|Any CPU
		{A0861851-3ED3-4948-BA7F-B397DB96320A}.Release|Any CPU.Build.0 = Release|Any CPU
		{1AEF88B3-BDBD-48C9-8152-DB5F5C358AFF}.Debug|Any CPU.ActiveCfg = Debug|Any CPU
		{1AEF88B3-BDBD-48C9-8152-DB5F5C358AFF}.Debug|Any CPU.Build.0 = Debug|Any CPU
		{1AEF88B3-BDBD-48C9-8152-DB5F5C358AFF}.Release|Any CPU.ActiveCfg = Release|Any CPU
		{1AEF88B3-BDBD-48C9-8152-DB5F5C358AFF}.Release|Any CPU.Build.0 = Release|Any CPU
		{C6DC2E0E-AE1C-4F30-A656-1450A558881B}.Debug|Any CPU.ActiveCfg = Debug|Any CPU
		{C6DC2E0E-AE1C-4F30-A656-1450A558881B}.Debug|Any CPU.Build.0 = Debug|Any CPU
		{C6DC2E0E-AE1C-4F30-A656-1450A558881B}.Release|Any CPU.ActiveCfg = Release|Any CPU
		{C6DC2E0E-AE1C-4F30-A656-1450A558881B}.Release|Any CPU.Build.0 = Release|Any CPU
		{38E19E82-4D36-4B4E-8B60-90526AE18BA3}.Debug|Any CPU.ActiveCfg = Debug|Any CPU
		{38E19E82-4D36-4B4E-8B60-90526AE18BA3}.Debug|Any CPU.Build.0 = Debug|Any CPU
		{38E19E82-4D36-4B4E-8B60-90526AE18BA3}.Release|Any CPU.ActiveCfg = Release|Any CPU
		{38E19E82-4D36-4B4E-8B60-90526AE18BA3}.Release|Any CPU.Build.0 = Release|Any CPU
		{9BC23CB7-F154-4509-98DA-FA9D8149BE84}.Debug|Any CPU.ActiveCfg = Debug|Any CPU
		{9BC23CB7-F154-4509-98DA-FA9D8149BE84}.Debug|Any CPU.Build.0 = Debug|Any CPU
		{9BC23CB7-F154-4509-98DA-FA9D8149BE84}.Release|Any CPU.ActiveCfg = Release|Any CPU
		{9BC23CB7-F154-4509-98DA-FA9D8149BE84}.Release|Any CPU.Build.0 = Release|Any CPU
		{42FFDAFC-2FA3-46BA-B0DB-699413AE8486}.Debug|Any CPU.ActiveCfg = Debug|Any CPU
		{42FFDAFC-2FA3-46BA-B0DB-699413AE8486}.Debug|Any CPU.Build.0 = Debug|Any CPU
		{42FFDAFC-2FA3-46BA-B0DB-699413AE8486}.Release|Any CPU.ActiveCfg = Release|Any CPU
		{42FFDAFC-2FA3-46BA-B0DB-699413AE8486}.Release|Any CPU.Build.0 = Release|Any CPU
	EndGlobalSection
	GlobalSection(SolutionProperties) = preSolution
		HideSolutionNode = FALSE
	EndGlobalSection
	GlobalSection(NestedProjects) = preSolution
		{62BBC9DA-81B0-4D2D-9CAC-C0603C42CD9C} = {2DC8F0FC-7B6B-4346-9844-FCCC1ABB2606}
		{A0861851-3ED3-4948-BA7F-B397DB96320A} = {2DC8F0FC-7B6B-4346-9844-FCCC1ABB2606}
		{1AEF88B3-BDBD-48C9-8152-DB5F5C358AFF} = {2DC8F0FC-7B6B-4346-9844-FCCC1ABB2606}
		{C6DC2E0E-AE1C-4F30-A656-1450A558881B} = {2DC8F0FC-7B6B-4346-9844-FCCC1ABB2606}
		{38E19E82-4D36-4B4E-8B60-90526AE18BA3} = {2DC8F0FC-7B6B-4346-9844-FCCC1ABB2606}
		{9BC23CB7-F154-4509-98DA-FA9D8149BE84} = {2DC8F0FC-7B6B-4346-9844-FCCC1ABB2606}
		{42FFDAFC-2FA3-46BA-B0DB-699413AE8486} = {2DC8F0FC-7B6B-4346-9844-FCCC1ABB2606}
	EndGlobalSection
EndGlobal
